
Microsoft Visual Studio Solution File, Format Version 12.00
# Visual Studio Version 16
VisualStudioVersion = 16.0.29613.14
MinimumVisualStudioVersion = 10.0.40219.1
Project("{9A19103F-16F7-4668-BE54-9A1E7A4F7556}") = "ParticleSwarm", "ParticleSwarm\ParticleSwarm.csproj", "{0A2BA1BF-3164-4A04-8166-68DB889EE198}"
EndProject
Project("{9A19103F-16F7-4668-BE54-9A1E7A4F7556}") = "Simulation", "Simulation\Simulation.csproj", "{B2B23645-BCFB-4286-A6DE-A8E615428C4D}"
EndProject
Project("{9A19103F-16F7-4668-BE54-9A1E7A4F7556}") = "EvoApp", "EvoApp\EvoApp.csproj", "{82E7B782-EEC0-4BD0-8DF9-57C6FCF29D43}"
EndProject
Global
	GlobalSection(SolutionConfigurationPlatforms) = preSolution
		Debug|Any CPU = Debug|Any CPU
		Release|Any CPU = Release|Any CPU
	EndGlobalSection
	GlobalSection(ProjectConfigurationPlatforms) = postSolution
		{0A2BA1BF-3164-4A04-8166-68DB889EE198}.Debug|Any CPU.ActiveCfg = Debug|Any CPU
		{0A2BA1BF-3164-4A04-8166-68DB889EE198}.Debug|Any CPU.Build.0 = Debug|Any CPU
		{0A2BA1BF-3164-4A04-8166-68DB889EE198}.Release|Any CPU.ActiveCfg = Release|Any CPU
		{0A2BA1BF-3164-4A04-8166-68DB889EE198}.Release|Any CPU.Build.0 = Release|Any CPU
		{B2B23645-BCFB-4286-A6DE-A8E615428C4D}.Debug|Any CPU.ActiveCfg = Debug|Any CPU
		{B2B23645-BCFB-4286-A6DE-A8E615428C4D}.Debug|Any CPU.Build.0 = Debug|Any CPU
		{B2B23645-BCFB-4286-A6DE-A8E615428C4D}.Release|Any CPU.ActiveCfg = Release|Any CPU
		{B2B23645-BCFB-4286-A6DE-A8E615428C4D}.Release|Any CPU.Build.0 = Release|Any CPU
		{82E7B782-EEC0-4BD0-8DF9-57C6FCF29D43}.Debug|Any CPU.ActiveCfg = Debug|Any CPU
		{82E7B782-EEC0-4BD0-8DF9-57C6FCF29D43}.Debug|Any CPU.Build.0 = Debug|Any CPU
		{82E7B782-EEC0-4BD0-8DF9-57C6FCF29D43}.Release|Any CPU.ActiveCfg = Release|Any CPU
		{82E7B782-EEC0-4BD0-8DF9-57C6FCF29D43}.Release|Any CPU.Build.0 = Release|Any CPU
	EndGlobalSection
	GlobalSection(SolutionProperties) = preSolution
		HideSolutionNode = FALSE
	EndGlobalSection
	GlobalSection(ExtensibilityGlobals) = postSolution
		SolutionGuid = {046D635B-405D-4B5F-A15D-20D1DE68F9FD}
	EndGlobalSection
EndGlobal
